
Microsoft Visual Studio Solution File, Format Version 12.00
# Visual Studio 15
VisualStudioVersion = 15.0.28307.902
MinimumVisualStudioVersion = 10.0.40219.1
Project("{FAE04EC0-301F-11D3-BF4B-00C04F79EFBC}") = "Product.Data", "Product.Data\Product.Data.csproj", "{6F35CC98-84C0-4F4B-9EFE-E9D17DEEF962}"
EndProject
Project("{FAE04EC0-301F-11D3-BF4B-00C04F79EFBC}") = "Product.Domain", "Product.Domain\Product.Domain.csproj", "{4FC1744A-A2D9-4D3D-B038-2FBD2762F7F5}"
EndProject
Project("{FAE04EC0-301F-11D3-BF4B-00C04F79EFBC}") = "Product.Service", "Product.Service\Product.Service.csproj", "{A513BD1A-7E97-4B67-9967-D8011EF553F5}"
EndProject
Project("{9A19103F-16F7-4668-BE54-9A1E7A4F7556}") = "Product.API", "Customer.API\Product.API.csproj", "{FAD65FFA-B94F-4866-95E8-E0738054C679}"
EndProject
Global
	GlobalSection(SolutionConfigurationPlatforms) = preSolution
		Debug|Any CPU = Debug|Any CPU
		Release|Any CPU = Release|Any CPU
	EndGlobalSection
	GlobalSection(ProjectConfigurationPlatforms) = postSolution
		{6F35CC98-84C0-4F4B-9EFE-E9D17DEEF962}.Debug|Any CPU.ActiveCfg = Debug|Any CPU
		{6F35CC98-84C0-4F4B-9EFE-E9D17DEEF962}.Debug|Any CPU.Build.0 = Debug|Any CPU
		{6F35CC98-84C0-4F4B-9EFE-E9D17DEEF962}.Release|Any CPU.ActiveCfg = Release|Any CPU
		{6F35CC98-84C0-4F4B-9EFE-E9D17DEEF962}.Release|Any CPU.Build.0 = Release|Any CPU
		{4FC1744A-A2D9-4D3D-B038-2FBD2762F7F5}.Debug|Any CPU.ActiveCfg = Debug|Any CPU
		{4FC1744A-A2D9-4D3D-B038-2FBD2762F7F5}.Debug|Any CPU.Build.0 = Debug|Any CPU
		{4FC1744A-A2D9-4D3D-B038-2FBD2762F7F5}.Release|Any CPU.ActiveCfg = Release|Any CPU
		{4FC1744A-A2D9-4D3D-B038-2FBD2762F7F5}.Release|Any CPU.Build.0 = Release|Any CPU
		{A513BD1A-7E97-4B67-9967-D8011EF553F5}.Debug|Any CPU.ActiveCfg = Debug|Any CPU
		{A513BD1A-7E97-4B67-9967-D8011EF553F5}.Debug|Any CPU.Build.0 = Debug|Any CPU
		{A513BD1A-7E97-4B67-9967-D8011EF553F5}.Release|Any CPU.ActiveCfg = Release|Any CPU
		{A513BD1A-7E97-4B67-9967-D8011EF553F5}.Release|Any CPU.Build.0 = Release|Any CPU
		{FAD65FFA-B94F-4866-95E8-E0738054C679}.Debug|Any CPU.ActiveCfg = Debug|Any CPU
		{FAD65FFA-B94F-4866-95E8-E0738054C679}.Debug|Any CPU.Build.0 = Debug|Any CPU
		{FAD65FFA-B94F-4866-95E8-E0738054C679}.Release|Any CPU.ActiveCfg = Release|Any CPU
		{FAD65FFA-B94F-4866-95E8-E0738054C679}.Release|Any CPU.Build.0 = Release|Any CPU
	EndGlobalSection
	GlobalSection(SolutionProperties) = preSolution
		HideSolutionNode = FALSE
	EndGlobalSection
	GlobalSection(ExtensibilityGlobals) = postSolution
		SolutionGuid = {F0B5EAE3-8B0A-49BE-B2CE-C298357EB89F}
	EndGlobalSection
EndGlobal
